
Microsoft Visual Studio Solution File, Format Version 12.00
# Visual Studio 2013
VisualStudioVersion = 12.0.31101.0
MinimumVisualStudioVersion = 10.0.40219.1
Project("{2150E333-8FDC-42A3-9474-1A3956D46DE8}") = ".build", ".build", "{E9B2FC38-1673-430B-B178-F23C354E078F}"
	ProjectSection(SolutionItems) = preProject
		.build\MSBuild.Community.Tasks.dll = .build\MSBuild.Community.Tasks.dll
		.build\MSBuild.Community.Tasks.targets = .build\MSBuild.Community.Tasks.targets
	EndProjectSection
EndProject
Project("{FAE04EC0-301F-11D3-BF4B-00C04F79EFBC}") = "Framework.Ioc", "Framework.Ioc\Framework.Ioc.csproj", "{D2B3E2D2-9496-4F51-9DB0-6EC0379DD3AD}"
EndProject
Project("{FAE04EC0-301F-11D3-BF4B-00C04F79EFBC}") = "Framework.Core", "Framework.Core\Framework.Core.csproj", "{128D8022-CE31-4316-963F-58B54BC4191C}"
EndProject
Project("{2150E333-8FDC-42A3-9474-1A3956D46DE8}") = "Framework", "Framework", "{832F70D4-3C94-4B7E-9744-A9A716FA827E}"
EndProject
Project("{2150E333-8FDC-42A3-9474-1A3956D46DE8}") = "Benchmark", "Benchmark", "{B794BF77-AFF6-40CC-A18B-64D053912FDB}"
EndProject
Project("{2150E333-8FDC-42A3-9474-1A3956D46DE8}") = "UnitTest", "UnitTest", "{3B4E51FA-89EB-4872-9538-22E277FD4449}"
EndProject
Project("{2150E333-8FDC-42A3-9474-1A3956D46DE8}") = "Msbuild", "Msbuild", "{66A0562E-A6DE-457B-BB2A-B93BC4110535}"
	ProjectSection(SolutionItems) = preProject
		AssemblyInfo.Version.targets = AssemblyInfo.Version.targets
		CopyBuild.targets = CopyBuild.targets
		Framework.dgml = Framework.dgml
	EndProjectSection
EndProject
Project("{FAE04EC0-301F-11D3-BF4B-00C04F79EFBC}") = "Framework.Benchmark", "Benchmark\Framework.Benchmark\Framework.Benchmark.csproj", "{1E3EA67F-62BB-4587-8B7A-BBBD193B0B7E}"
EndProject
Project("{FAE04EC0-301F-11D3-BF4B-00C04F79EFBC}") = "Framework.Ioc.Benchmark", "Benchmark\Framework.Ioc.Benchmark\Framework.Ioc.Benchmark.csproj", "{918A4BA1-3A9F-4759-8654-A752344E6A8E}"
EndProject
Project("{FAE04EC0-301F-11D3-BF4B-00C04F79EFBC}") = "Framework.Serialization", "Framework.Serialization\Framework.Serialization.csproj", "{D7B764BF-07CE-4782-AA8A-8DCBD36BE9F2}"
EndProject
Project("{FAE04EC0-301F-11D3-BF4B-00C04F79EFBC}") = "Framework.Reflection", "Framework.Reflection\Framework.Reflection.csproj", "{932C61E9-B2CB-43FA-ACB0-D1F6D491B3A9}"
EndProject
Project("{FAE04EC0-301F-11D3-BF4B-00C04F79EFBC}") = "Framework.Configuration", "Framework.Configuration\Framework.Configuration.csproj", "{396D4D03-3E6B-4E8D-AD9D-F10F6DF65FB1}"
EndProject
Project("{FAE04EC0-301F-11D3-BF4B-00C04F79EFBC}") = "Framework.Logging", "Framework.Logging\Framework.Logging.csproj", "{1AD267AE-FB9C-4B9F-8B18-8397B558A631}"
EndProject
Project("{FAE04EC0-301F-11D3-BF4B-00C04F79EFBC}") = "Framework.Templates", "Framework.Templates\Framework.Templates.csproj", "{9CE8C87E-8589-4A15-BFF9-530D3904788D}"
EndProject
Project("{FAE04EC0-301F-11D3-BF4B-00C04F79EFBC}") = "Framework.Caching", "Framework.Caching\Framework.Caching.csproj", "{130FD298-5D8E-48AE-AEDB-F8BF62B78EBA}"
EndProject
Project("{FAE04EC0-301F-11D3-BF4B-00C04F79EFBC}") = "Framework.MessageQueue", "Framework.MessageQueue\Framework.MessageQueue.csproj", "{116F75D4-5677-4779-897C-E15D485F647B}"
EndProject
Project("{FAE04EC0-301F-11D3-BF4B-00C04F79EFBC}") = "Framework.RestClient", "Framework.RestClient\Framework.RestClient.csproj", "{DDDAEA82-4585-456A-85BA-9D59DD6EB178}"
EndProject
Project("{FAE04EC0-301F-11D3-BF4B-00C04F79EFBC}") = "Framework.Drawing", "Framework.Drawing\Framework.Drawing.csproj", "{7DD02BEC-9147-4E57-8F3E-EDF08426ADED}"
EndProject
Project("{FAE04EC0-301F-11D3-BF4B-00C04F79EFBC}") = "Framework.Repository", "Framework.Repository\Framework.Repository.csproj", "{634A8980-BFEC-46C8-B657-481C3F15A657}"
EndProject
Project("{FAE04EC0-301F-11D3-BF4B-00C04F79EFBC}") = "Framework.Membership", "Framework.Membership\Framework.Membership.csproj", "{E2A7F9E1-BC7C-45CC-A92F-CDEDDCEDD61F}"
EndProject
Project("{FAE04EC0-301F-11D3-BF4B-00C04F79EFBC}") = "Framework.FileSystem", "Framework.FileSystem\Framework.FileSystem.csproj", "{B0F04C5C-94F2-4C25-BA85-9E1F6CED202E}"
EndProject
Project("{FAE04EC0-301F-11D3-BF4B-00C04F79EFBC}") = "Framework.Knockout", "Framework.Knockout\Framework.Knockout.csproj", "{3584966A-5232-4799-B386-A4B717BE672B}"
EndProject
Project("{FAE04EC0-301F-11D3-BF4B-00C04F79EFBC}") = "Framework.Localization", "Framework.Localization\Framework.Localization.csproj", "{25F6E589-5AD9-4200-9EE5-BB287B6F346E}"
EndProject
Project("{2150E333-8FDC-42A3-9474-1A3956D46DE8}") = "SDK", "SDK", "{BBD47D85-C515-447F-A6C8-8758DE62E15A}"
EndProject
Project("{FAE04EC0-301F-11D3-BF4B-00C04F79EFBC}") = "Framework.Services", "Framework.Services\Framework.Services.csproj", "{3781DA8C-C96F-4570-99E6-4B955819A107}"
EndProject
Project("{FAE04EC0-301F-11D3-BF4B-00C04F79EFBC}") = "GoogleSDK", "GoogleSDK\GoogleSDK.csproj", "{7EED1949-9F77-4AFF-A643-E76E0ABC2DAD}"
EndProject
Project("{FAE04EC0-301F-11D3-BF4B-00C04F79EFBC}") = "TwitterSDK", "TwitterSDK\TwitterSDK.csproj", "{10AFF369-84FB-429E-B251-F570EDB4DB4E}"
EndProject
Project("{2150E333-8FDC-42A3-9474-1A3956D46DE8}") = "Framework.Extensions", "Framework.Extensions", "{56E43E91-77B7-41F8-9C3B-BC9362850203}"
EndProject
Project("{FAE04EC0-301F-11D3-BF4B-00C04F79EFBC}") = "Framework.Logging.DbAdapter", "Framework.Logging.DbAdapter\Framework.Logging.DbAdapter.csproj", "{9FCDF053-02A2-423C-B117-90AA8D357AE7}"
EndProject
Project("{FAE04EC0-301F-11D3-BF4B-00C04F79EFBC}") = "Framework.Membership.SqlProvider", "Framework.Membership.SqlProvider\Framework.Membership.SqlProvider.csproj", "{92355458-43BC-470F-8541-A2A293A08C91}"
EndProject
Project("{2150E333-8FDC-42A3-9474-1A3956D46DE8}") = "Utility", "Utility", "{813EB58E-FABF-4AB3-9C5D-25EE9C72AB41}"
EndProject
Project("{FAE04EC0-301F-11D3-BF4B-00C04F79EFBC}") = "Framework.AutoUpdater", "Framework.AutoUpdater\Framework.AutoUpdater.csproj", "{4B55CFEE-5D2C-487C-B2E3-B7BD87DA6652}"
EndProject
Project("{FAE04EC0-301F-11D3-BF4B-00C04F79EFBC}") = "Framework.Web.Mvc", "Framework.Web.Mvc\Framework.Web.Mvc.csproj", "{8C321FB3-3CEC-4DEF-AB1D-52D50A863BC9}"
EndProject
Project("{FAE04EC0-301F-11D3-BF4B-00C04F79EFBC}") = "Framework.Web.Api", "Framework.Web.Api\Framework.Web.Api.csproj", "{9794CF0F-520B-4515-A3A5-CD8C0F0E74D9}"
EndProject
Project("{FAE04EC0-301F-11D3-BF4B-00C04F79EFBC}") = "Framework.Models", "Framework.Models\Framework.Models.csproj", "{9FE9A950-B6CD-4A16-BB89-BB3CADE00087}"
EndProject
Project("{FAE04EC0-301F-11D3-BF4B-00C04F79EFBC}") = "Framework.MessageQueue.SqlProvider", "Framework.MessageQueue.SqlProvider\Framework.MessageQueue.SqlProvider.csproj", "{26CCC5C1-3B52-40F0-8643-E7321DD699FE}"
EndProject
Project("{00D1A9C2-B5F0-4AF3-8072-F6C62B433612}") = "Framework.Schema", "Framework.Schema\Framework.Schema.sqlproj", "{60B6BBAE-3914-4357-89AF-98DE5E51AE25}"
EndProject
Project("{FAE04EC0-301F-11D3-BF4B-00C04F79EFBC}") = "Framework.Configuration.SqlProvider", "Framework.Configuration.SqlProvider\Framework.Configuration.SqlProvider.csproj", "{2F031B0C-36A1-4009-9C52-CA372D2785A5}"
EndProject
Project("{2150E333-8FDC-42A3-9474-1A3956D46DE8}") = "Payments", "Payments", "{3E119623-0C90-4DD6-B594-D99C4956A156}"
EndProject
Project("{FAE04EC0-301F-11D3-BF4B-00C04F79EFBC}") = "PayPalSDK", "PayPalSDK\PayPalSDK.csproj", "{72E6CE7D-C214-475D-93B7-C4F8B49EB221}"
EndProject
Project("{FAE04EC0-301F-11D3-BF4B-00C04F79EFBC}") = "Framework.Localization.SqlProvider", "Framework.Localization.SqlProvider\Framework.Localization.SqlProvider.csproj", "{FF11086C-3CE6-4198-87F7-B1EA55631EBF}"
EndProject
Project("{FAE04EC0-301F-11D3-BF4B-00C04F79EFBC}") = "Framework.Wpf", "Framework.Wpf\Framework.Wpf.csproj", "{6762B3EF-C1A7-47D2-BDEA-B96ABFC830E4}"
EndProject
Project("{FAE04EC0-301F-11D3-BF4B-00C04F79EFBC}") = "Framework.Notification", "Framework.Notification\Framework.Notification.csproj", "{2DF8A3BC-A31F-4107-AEEC-D0B77402C458}"
EndProject
Project("{FAE04EC0-301F-11D3-BF4B-00C04F79EFBC}") = "Framework.EmailService", "Framework.EmailService\Framework.EmailService.csproj", "{4CCD1678-81A9-465D-85B5-C6336A661726}"
EndProject
Project("{FAE04EC0-301F-11D3-BF4B-00C04F79EFBC}") = "Framework.EmailService.SqlProvider", "Framework.EmailService.SqlProvider\Framework.EmailService.SqlProvider.csproj", "{245E3EAB-412B-46F0-A2DA-6B3EDCC8D332}"
EndProject
Project("{FAE04EC0-301F-11D3-BF4B-00C04F79EFBC}") = "GoogleSDK.MvcRoutes", "GoogleSDK.MvcRoutes\GoogleSDK.MvcRoutes.csproj", "{9ECE56DF-AEF1-4AB7-B90D-AB7A2183FDBF}"
EndProject
Project("{FAE04EC0-301F-11D3-BF4B-00C04F79EFBC}") = "TwitterSDK.MvcRoutes", "TwitterSDK.MvcRoutes\TwitterSDK.MvcRoutes.csproj", "{4A1BCB59-5D78-48A6-B3A8-7921850820D1}"
EndProject
Project("{FAE04EC0-301F-11D3-BF4B-00C04F79EFBC}") = "PayPalSDK.MvcRoutes", "PayPalSDK.MvcRoutes\PayPalSDK.MvcRoutes.csproj", "{D91E6FC1-D616-450F-965A-759EE9F7A6BC}"
EndProject
Project("{FAE04EC0-301F-11D3-BF4B-00C04F79EFBC}") = "Framework.Serialization.Benchmark", "Benchmark\Framework.Serialization.Benchmark\Framework.Serialization.Benchmark.csproj", "{9DBAB345-85BA-4EE6-B159-772176CDDF13}"
EndProject
Project("{FAE04EC0-301F-11D3-BF4B-00C04F79EFBC}") = "MaxmindSDK", "MaxmindSDK\MaxmindSDK.csproj", "{F9E5AF14-FDF6-4775-8A62-B0E1920B21E4}"
EndProject
Project("{FAE04EC0-301F-11D3-BF4B-00C04F79EFBC}") = "Framework.Caching.RedisCache", "Framework.Caching.RedisCache\Framework.Caching.RedisCache.csproj", "{63694466-72EF-44D6-9D65-248760E51EC5}"
EndProject
Project("{2150E333-8FDC-42A3-9474-1A3956D46DE8}") = ".build", ".build", "{1B1E62CC-F35E-429E-9CE7-97E5ED187C2A}"
	ProjectSection(SolutionItems) = preProject
		Build.proj = Build.proj
		.build\MSBuild.Community.Tasks.dll = .build\MSBuild.Community.Tasks.dll
		.build\MSBuild.Community.Tasks.targets = .build\MSBuild.Community.Tasks.targets
	EndProjectSection
EndProject
Global
	GlobalSection(SolutionConfigurationPlatforms) = preSolution
		Debug|Any CPU = Debug|Any CPU
		Release|Any CPU = Release|Any CPU
	EndGlobalSection
	GlobalSection(ProjectConfigurationPlatforms) = postSolution
		{D2B3E2D2-9496-4F51-9DB0-6EC0379DD3AD}.Debug|Any CPU.ActiveCfg = Debug|Any CPU
		{D2B3E2D2-9496-4F51-9DB0-6EC0379DD3AD}.Debug|Any CPU.Build.0 = Debug|Any CPU
		{D2B3E2D2-9496-4F51-9DB0-6EC0379DD3AD}.Release|Any CPU.ActiveCfg = Release|Any CPU
		{D2B3E2D2-9496-4F51-9DB0-6EC0379DD3AD}.Release|Any CPU.Build.0 = Release|Any CPU
		{128D8022-CE31-4316-963F-58B54BC4191C}.Debug|Any CPU.ActiveCfg = Debug|Any CPU
		{128D8022-CE31-4316-963F-58B54BC4191C}.Debug|Any CPU.Build.0 = Debug|Any CPU
		{128D8022-CE31-4316-963F-58B54BC4191C}.Release|Any CPU.ActiveCfg = Release|Any CPU
		{128D8022-CE31-4316-963F-58B54BC4191C}.Release|Any CPU.Build.0 = Release|Any CPU
		{1E3EA67F-62BB-4587-8B7A-BBBD193B0B7E}.Debug|Any CPU.ActiveCfg = Debug|Any CPU
		{1E3EA67F-62BB-4587-8B7A-BBBD193B0B7E}.Debug|Any CPU.Build.0 = Debug|Any CPU
		{1E3EA67F-62BB-4587-8B7A-BBBD193B0B7E}.Release|Any CPU.ActiveCfg = Release|Any CPU
		{1E3EA67F-62BB-4587-8B7A-BBBD193B0B7E}.Release|Any CPU.Build.0 = Release|Any CPU
		{918A4BA1-3A9F-4759-8654-A752344E6A8E}.Debug|Any CPU.ActiveCfg = Debug|Any CPU
		{918A4BA1-3A9F-4759-8654-A752344E6A8E}.Debug|Any CPU.Build.0 = Debug|Any CPU
		{918A4BA1-3A9F-4759-8654-A752344E6A8E}.Release|Any CPU.ActiveCfg = Release|Any CPU
		{918A4BA1-3A9F-4759-8654-A752344E6A8E}.Release|Any CPU.Build.0 = Release|Any CPU
		{D7B764BF-07CE-4782-AA8A-8DCBD36BE9F2}.Debug|Any CPU.ActiveCfg = Debug|Any CPU
		{D7B764BF-07CE-4782-AA8A-8DCBD36BE9F2}.Debug|Any CPU.Build.0 = Debug|Any CPU
		{D7B764BF-07CE-4782-AA8A-8DCBD36BE9F2}.Release|Any CPU.ActiveCfg = Release|Any CPU
		{D7B764BF-07CE-4782-AA8A-8DCBD36BE9F2}.Release|Any CPU.Build.0 = Release|Any CPU
		{932C61E9-B2CB-43FA-ACB0-D1F6D491B3A9}.Debug|Any CPU.ActiveCfg = Debug|Any CPU
		{932C61E9-B2CB-43FA-ACB0-D1F6D491B3A9}.Debug|Any CPU.Build.0 = Debug|Any CPU
		{932C61E9-B2CB-43FA-ACB0-D1F6D491B3A9}.Release|Any CPU.ActiveCfg = Release|Any CPU
		{932C61E9-B2CB-43FA-ACB0-D1F6D491B3A9}.Release|Any CPU.Build.0 = Release|Any CPU
		{396D4D03-3E6B-4E8D-AD9D-F10F6DF65FB1}.Debug|Any CPU.ActiveCfg = Debug|Any CPU
		{396D4D03-3E6B-4E8D-AD9D-F10F6DF65FB1}.Debug|Any CPU.Build.0 = Debug|Any CPU
		{396D4D03-3E6B-4E8D-AD9D-F10F6DF65FB1}.Release|Any CPU.ActiveCfg = Release|Any CPU
		{396D4D03-3E6B-4E8D-AD9D-F10F6DF65FB1}.Release|Any CPU.Build.0 = Release|Any CPU
		{1AD267AE-FB9C-4B9F-8B18-8397B558A631}.Debug|Any CPU.ActiveCfg = Debug|Any CPU
		{1AD267AE-FB9C-4B9F-8B18-8397B558A631}.Debug|Any CPU.Build.0 = Debug|Any CPU
		{1AD267AE-FB9C-4B9F-8B18-8397B558A631}.Release|Any CPU.ActiveCfg = Release|Any CPU
		{1AD267AE-FB9C-4B9F-8B18-8397B558A631}.Release|Any CPU.Build.0 = Release|Any CPU
		{9CE8C87E-8589-4A15-BFF9-530D3904788D}.Debug|Any CPU.ActiveCfg = Debug|Any CPU
		{9CE8C87E-8589-4A15-BFF9-530D3904788D}.Debug|Any CPU.Build.0 = Debug|Any CPU
		{9CE8C87E-8589-4A15-BFF9-530D3904788D}.Release|Any CPU.ActiveCfg = Release|Any CPU
		{9CE8C87E-8589-4A15-BFF9-530D3904788D}.Release|Any CPU.Build.0 = Release|Any CPU
		{130FD298-5D8E-48AE-AEDB-F8BF62B78EBA}.Debug|Any CPU.ActiveCfg = Debug|Any CPU
		{130FD298-5D8E-48AE-AEDB-F8BF62B78EBA}.Debug|Any CPU.Build.0 = Debug|Any CPU
		{130FD298-5D8E-48AE-AEDB-F8BF62B78EBA}.Release|Any CPU.ActiveCfg = Release|Any CPU
		{130FD298-5D8E-48AE-AEDB-F8BF62B78EBA}.Release|Any CPU.Build.0 = Release|Any CPU
		{116F75D4-5677-4779-897C-E15D485F647B}.Debug|Any CPU.ActiveCfg = Debug|Any CPU
		{116F75D4-5677-4779-897C-E15D485F647B}.Debug|Any CPU.Build.0 = Debug|Any CPU
		{116F75D4-5677-4779-897C-E15D485F647B}.Release|Any CPU.ActiveCfg = Release|Any CPU
		{116F75D4-5677-4779-897C-E15D485F647B}.Release|Any CPU.Build.0 = Release|Any CPU
		{DDDAEA82-4585-456A-85BA-9D59DD6EB178}.Debug|Any CPU.ActiveCfg = Debug|Any CPU
		{DDDAEA82-4585-456A-85BA-9D59DD6EB178}.Debug|Any CPU.Build.0 = Debug|Any CPU
		{DDDAEA82-4585-456A-85BA-9D59DD6EB178}.Release|Any CPU.ActiveCfg = Release|Any CPU
		{DDDAEA82-4585-456A-85BA-9D59DD6EB178}.Release|Any CPU.Build.0 = Release|Any CPU
		{7DD02BEC-9147-4E57-8F3E-EDF08426ADED}.Debug|Any CPU.ActiveCfg = Debug|Any CPU
		{7DD02BEC-9147-4E57-8F3E-EDF08426ADED}.Debug|Any CPU.Build.0 = Debug|Any CPU
		{7DD02BEC-9147-4E57-8F3E-EDF08426ADED}.Release|Any CPU.ActiveCfg = Release|Any CPU
		{7DD02BEC-9147-4E57-8F3E-EDF08426ADED}.Release|Any CPU.Build.0 = Release|Any CPU
		{634A8980-BFEC-46C8-B657-481C3F15A657}.Debug|Any CPU.ActiveCfg = Debug|Any CPU
		{634A8980-BFEC-46C8-B657-481C3F15A657}.Debug|Any CPU.Build.0 = Debug|Any CPU
		{634A8980-BFEC-46C8-B657-481C3F15A657}.Release|Any CPU.ActiveCfg = Release|Any CPU
		{634A8980-BFEC-46C8-B657-481C3F15A657}.Release|Any CPU.Build.0 = Release|Any CPU
		{E2A7F9E1-BC7C-45CC-A92F-CDEDDCEDD61F}.Debug|Any CPU.ActiveCfg = Debug|Any CPU
		{E2A7F9E1-BC7C-45CC-A92F-CDEDDCEDD61F}.Debug|Any CPU.Build.0 = Debug|Any CPU
		{E2A7F9E1-BC7C-45CC-A92F-CDEDDCEDD61F}.Release|Any CPU.ActiveCfg = Release|Any CPU
		{E2A7F9E1-BC7C-45CC-A92F-CDEDDCEDD61F}.Release|Any CPU.Build.0 = Release|Any CPU
		{B0F04C5C-94F2-4C25-BA85-9E1F6CED202E}.Debug|Any CPU.ActiveCfg = Debug|Any CPU
		{B0F04C5C-94F2-4C25-BA85-9E1F6CED202E}.Debug|Any CPU.Build.0 = Debug|Any CPU
		{B0F04C5C-94F2-4C25-BA85-9E1F6CED202E}.Release|Any CPU.ActiveCfg = Release|Any CPU
		{B0F04C5C-94F2-4C25-BA85-9E1F6CED202E}.Release|Any CPU.Build.0 = Release|Any CPU
		{3584966A-5232-4799-B386-A4B717BE672B}.Debug|Any CPU.ActiveCfg = Debug|Any CPU
		{3584966A-5232-4799-B386-A4B717BE672B}.Debug|Any CPU.Build.0 = Debug|Any CPU
		{3584966A-5232-4799-B386-A4B717BE672B}.Release|Any CPU.ActiveCfg = Release|Any CPU
		{3584966A-5232-4799-B386-A4B717BE672B}.Release|Any CPU.Build.0 = Release|Any CPU
		{25F6E589-5AD9-4200-9EE5-BB287B6F346E}.Debug|Any CPU.ActiveCfg = Debug|Any CPU
		{25F6E589-5AD9-4200-9EE5-BB287B6F346E}.Debug|Any CPU.Build.0 = Debug|Any CPU
		{25F6E589-5AD9-4200-9EE5-BB287B6F346E}.Release|Any CPU.ActiveCfg = Release|Any CPU
		{25F6E589-5AD9-4200-9EE5-BB287B6F346E}.Release|Any CPU.Build.0 = Release|Any CPU
		{3781DA8C-C96F-4570-99E6-4B955819A107}.Debug|Any CPU.ActiveCfg = Debug|Any CPU
		{3781DA8C-C96F-4570-99E6-4B955819A107}.Debug|Any CPU.Build.0 = Debug|Any CPU
		{3781DA8C-C96F-4570-99E6-4B955819A107}.Release|Any CPU.ActiveCfg = Release|Any CPU
		{3781DA8C-C96F-4570-99E6-4B955819A107}.Release|Any CPU.Build.0 = Release|Any CPU
		{7EED1949-9F77-4AFF-A643-E76E0ABC2DAD}.Debug|Any CPU.ActiveCfg = Debug|Any CPU
		{7EED1949-9F77-4AFF-A643-E76E0ABC2DAD}.Debug|Any CPU.Build.0 = Debug|Any CPU
		{7EED1949-9F77-4AFF-A643-E76E0ABC2DAD}.Release|Any CPU.ActiveCfg = Release|Any CPU
		{7EED1949-9F77-4AFF-A643-E76E0ABC2DAD}.Release|Any CPU.Build.0 = Release|Any CPU
		{10AFF369-84FB-429E-B251-F570EDB4DB4E}.Debug|Any CPU.ActiveCfg = Debug|Any CPU
		{10AFF369-84FB-429E-B251-F570EDB4DB4E}.Debug|Any CPU.Build.0 = Debug|Any CPU
		{10AFF369-84FB-429E-B251-F570EDB4DB4E}.Release|Any CPU.ActiveCfg = Release|Any CPU
		{10AFF369-84FB-429E-B251-F570EDB4DB4E}.Release|Any CPU.Build.0 = Release|Any CPU
		{9FCDF053-02A2-423C-B117-90AA8D357AE7}.Debug|Any CPU.ActiveCfg = Debug|Any CPU
		{9FCDF053-02A2-423C-B117-90AA8D357AE7}.Debug|Any CPU.Build.0 = Debug|Any CPU
		{9FCDF053-02A2-423C-B117-90AA8D357AE7}.Release|Any CPU.ActiveCfg = Release|Any CPU
		{9FCDF053-02A2-423C-B117-90AA8D357AE7}.Release|Any CPU.Build.0 = Release|Any CPU
		{92355458-43BC-470F-8541-A2A293A08C91}.Debug|Any CPU.ActiveCfg = Debug|Any CPU
		{92355458-43BC-470F-8541-A2A293A08C91}.Debug|Any CPU.Build.0 = Debug|Any CPU
		{92355458-43BC-470F-8541-A2A293A08C91}.Release|Any CPU.ActiveCfg = Release|Any CPU
		{92355458-43BC-470F-8541-A2A293A08C91}.Release|Any CPU.Build.0 = Release|Any CPU
		{4B55CFEE-5D2C-487C-B2E3-B7BD87DA6652}.Debug|Any CPU.ActiveCfg = Debug|Any CPU
		{4B55CFEE-5D2C-487C-B2E3-B7BD87DA6652}.Debug|Any CPU.Build.0 = Debug|Any CPU
		{4B55CFEE-5D2C-487C-B2E3-B7BD87DA6652}.Release|Any CPU.ActiveCfg = Release|Any CPU
		{4B55CFEE-5D2C-487C-B2E3-B7BD87DA6652}.Release|Any CPU.Build.0 = Release|Any CPU
		{8C321FB3-3CEC-4DEF-AB1D-52D50A863BC9}.Debug|Any CPU.ActiveCfg = Debug|Any CPU
		{8C321FB3-3CEC-4DEF-AB1D-52D50A863BC9}.Debug|Any CPU.Build.0 = Debug|Any CPU
		{8C321FB3-3CEC-4DEF-AB1D-52D50A863BC9}.Release|Any CPU.ActiveCfg = Release|Any CPU
		{8C321FB3-3CEC-4DEF-AB1D-52D50A863BC9}.Release|Any CPU.Build.0 = Release|Any CPU
		{9794CF0F-520B-4515-A3A5-CD8C0F0E74D9}.Debug|Any CPU.ActiveCfg = Debug|Any CPU
		{9794CF0F-520B-4515-A3A5-CD8C0F0E74D9}.Debug|Any CPU.Build.0 = Debug|Any CPU
		{9794CF0F-520B-4515-A3A5-CD8C0F0E74D9}.Release|Any CPU.ActiveCfg = Release|Any CPU
		{9794CF0F-520B-4515-A3A5-CD8C0F0E74D9}.Release|Any CPU.Build.0 = Release|Any CPU
		{9FE9A950-B6CD-4A16-BB89-BB3CADE00087}.Debug|Any CPU.ActiveCfg = Debug|Any CPU
		{9FE9A950-B6CD-4A16-BB89-BB3CADE00087}.Debug|Any CPU.Build.0 = Debug|Any CPU
		{9FE9A950-B6CD-4A16-BB89-BB3CADE00087}.Release|Any CPU.ActiveCfg = Release|Any CPU
		{9FE9A950-B6CD-4A16-BB89-BB3CADE00087}.Release|Any CPU.Build.0 = Release|Any CPU
		{26CCC5C1-3B52-40F0-8643-E7321DD699FE}.Debug|Any CPU.ActiveCfg = Debug|Any CPU
		{26CCC5C1-3B52-40F0-8643-E7321DD699FE}.Debug|Any CPU.Build.0 = Debug|Any CPU
		{26CCC5C1-3B52-40F0-8643-E7321DD699FE}.Release|Any CPU.ActiveCfg = Release|Any CPU
		{26CCC5C1-3B52-40F0-8643-E7321DD699FE}.Release|Any CPU.Build.0 = Release|Any CPU
		{60B6BBAE-3914-4357-89AF-98DE5E51AE25}.Debug|Any CPU.ActiveCfg = Debug|Any CPU
		{60B6BBAE-3914-4357-89AF-98DE5E51AE25}.Debug|Any CPU.Build.0 = Debug|Any CPU
		{60B6BBAE-3914-4357-89AF-98DE5E51AE25}.Debug|Any CPU.Deploy.0 = Debug|Any CPU
		{60B6BBAE-3914-4357-89AF-98DE5E51AE25}.Release|Any CPU.ActiveCfg = Release|Any CPU
		{60B6BBAE-3914-4357-89AF-98DE5E51AE25}.Release|Any CPU.Build.0 = Release|Any CPU
		{60B6BBAE-3914-4357-89AF-98DE5E51AE25}.Release|Any CPU.Deploy.0 = Release|Any CPU
		{2F031B0C-36A1-4009-9C52-CA372D2785A5}.Debug|Any CPU.ActiveCfg = Debug|Any CPU
		{2F031B0C-36A1-4009-9C52-CA372D2785A5}.Debug|Any CPU.Build.0 = Debug|Any CPU
		{2F031B0C-36A1-4009-9C52-CA372D2785A5}.Release|Any CPU.ActiveCfg = Release|Any CPU
		{2F031B0C-36A1-4009-9C52-CA372D2785A5}.Release|Any CPU.Build.0 = Release|Any CPU
		{72E6CE7D-C214-475D-93B7-C4F8B49EB221}.Debug|Any CPU.ActiveCfg = Debug|Any CPU
		{72E6CE7D-C214-475D-93B7-C4F8B49EB221}.Debug|Any CPU.Build.0 = Debug|Any CPU
		{72E6CE7D-C214-475D-93B7-C4F8B49EB221}.Release|Any CPU.ActiveCfg = Release|Any CPU
		{72E6CE7D-C214-475D-93B7-C4F8B49EB221}.Release|Any CPU.Build.0 = Release|Any CPU
		{FF11086C-3CE6-4198-87F7-B1EA55631EBF}.Debug|Any CPU.ActiveCfg = Debug|Any CPU
		{FF11086C-3CE6-4198-87F7-B1EA55631EBF}.Debug|Any CPU.Build.0 = Debug|Any CPU
		{FF11086C-3CE6-4198-87F7-B1EA55631EBF}.Release|Any CPU.ActiveCfg = Release|Any CPU
		{FF11086C-3CE6-4198-87F7-B1EA55631EBF}.Release|Any CPU.Build.0 = Release|Any CPU
		{6762B3EF-C1A7-47D2-BDEA-B96ABFC830E4}.Debug|Any CPU.ActiveCfg = Debug|Any CPU
		{6762B3EF-C1A7-47D2-BDEA-B96ABFC830E4}.Debug|Any CPU.Build.0 = Debug|Any CPU
		{6762B3EF-C1A7-47D2-BDEA-B96ABFC830E4}.Release|Any CPU.ActiveCfg = Release|Any CPU
		{6762B3EF-C1A7-47D2-BDEA-B96ABFC830E4}.Release|Any CPU.Build.0 = Release|Any CPU
		{2DF8A3BC-A31F-4107-AEEC-D0B77402C458}.Debug|Any CPU.ActiveCfg = Debug|Any CPU
		{2DF8A3BC-A31F-4107-AEEC-D0B77402C458}.Debug|Any CPU.Build.0 = Debug|Any CPU
		{2DF8A3BC-A31F-4107-AEEC-D0B77402C458}.Release|Any CPU.ActiveCfg = Release|Any CPU
		{2DF8A3BC-A31F-4107-AEEC-D0B77402C458}.Release|Any CPU.Build.0 = Release|Any CPU
		{4CCD1678-81A9-465D-85B5-C6336A661726}.Debug|Any CPU.ActiveCfg = Debug|Any CPU
		{4CCD1678-81A9-465D-85B5-C6336A661726}.Debug|Any CPU.Build.0 = Debug|Any CPU
		{4CCD1678-81A9-465D-85B5-C6336A661726}.Release|Any CPU.ActiveCfg = Release|Any CPU
		{4CCD1678-81A9-465D-85B5-C6336A661726}.Release|Any CPU.Build.0 = Release|Any CPU
		{245E3EAB-412B-46F0-A2DA-6B3EDCC8D332}.Debug|Any CPU.ActiveCfg = Debug|Any CPU
		{245E3EAB-412B-46F0-A2DA-6B3EDCC8D332}.Debug|Any CPU.Build.0 = Debug|Any CPU
		{245E3EAB-412B-46F0-A2DA-6B3EDCC8D332}.Release|Any CPU.ActiveCfg = Release|Any CPU
		{245E3EAB-412B-46F0-A2DA-6B3EDCC8D332}.Release|Any CPU.Build.0 = Release|Any CPU
		{9ECE56DF-AEF1-4AB7-B90D-AB7A2183FDBF}.Debug|Any CPU.ActiveCfg = Debug|Any CPU
		{9ECE56DF-AEF1-4AB7-B90D-AB7A2183FDBF}.Debug|Any CPU.Build.0 = Debug|Any CPU
		{9ECE56DF-AEF1-4AB7-B90D-AB7A2183FDBF}.Release|Any CPU.ActiveCfg = Release|Any CPU
		{9ECE56DF-AEF1-4AB7-B90D-AB7A2183FDBF}.Release|Any CPU.Build.0 = Release|Any CPU
		{4A1BCB59-5D78-48A6-B3A8-7921850820D1}.Debug|Any CPU.ActiveCfg = Debug|Any CPU
		{4A1BCB59-5D78-48A6-B3A8-7921850820D1}.Debug|Any CPU.Build.0 = Debug|Any CPU
		{4A1BCB59-5D78-48A6-B3A8-7921850820D1}.Release|Any CPU.ActiveCfg = Release|Any CPU
		{4A1BCB59-5D78-48A6-B3A8-7921850820D1}.Release|Any CPU.Build.0 = Release|Any CPU
		{D91E6FC1-D616-450F-965A-759EE9F7A6BC}.Debug|Any CPU.ActiveCfg = Debug|Any CPU
		{D91E6FC1-D616-450F-965A-759EE9F7A6BC}.Debug|Any CPU.Build.0 = Debug|Any CPU
		{D91E6FC1-D616-450F-965A-759EE9F7A6BC}.Release|Any CPU.ActiveCfg = Release|Any CPU
		{D91E6FC1-D616-450F-965A-759EE9F7A6BC}.Release|Any CPU.Build.0 = Release|Any CPU
		{9DBAB345-85BA-4EE6-B159-772176CDDF13}.Debug|Any CPU.ActiveCfg = Debug|Any CPU
		{9DBAB345-85BA-4EE6-B159-772176CDDF13}.Debug|Any CPU.Build.0 = Debug|Any CPU
		{9DBAB345-85BA-4EE6-B159-772176CDDF13}.Release|Any CPU.ActiveCfg = Release|Any CPU
		{9DBAB345-85BA-4EE6-B159-772176CDDF13}.Release|Any CPU.Build.0 = Release|Any CPU
		{F9E5AF14-FDF6-4775-8A62-B0E1920B21E4}.Debug|Any CPU.ActiveCfg = Debug|Any CPU
		{F9E5AF14-FDF6-4775-8A62-B0E1920B21E4}.Debug|Any CPU.Build.0 = Debug|Any CPU
		{F9E5AF14-FDF6-4775-8A62-B0E1920B21E4}.Release|Any CPU.ActiveCfg = Release|Any CPU
		{F9E5AF14-FDF6-4775-8A62-B0E1920B21E4}.Release|Any CPU.Build.0 = Release|Any CPU
		{63694466-72EF-44D6-9D65-248760E51EC5}.Debug|Any CPU.ActiveCfg = Debug|Any CPU
		{63694466-72EF-44D6-9D65-248760E51EC5}.Debug|Any CPU.Build.0 = Debug|Any CPU
		{63694466-72EF-44D6-9D65-248760E51EC5}.Release|Any CPU.ActiveCfg = Release|Any CPU
		{63694466-72EF-44D6-9D65-248760E51EC5}.Release|Any CPU.Build.0 = Release|Any CPU
	EndGlobalSection
	GlobalSection(SolutionProperties) = preSolution
		HideSolutionNode = FALSE
	EndGlobalSection
	GlobalSection(NestedProjects) = preSolution
		{E9B2FC38-1673-430B-B178-F23C354E078F} = {66A0562E-A6DE-457B-BB2A-B93BC4110535}
		{D2B3E2D2-9496-4F51-9DB0-6EC0379DD3AD} = {832F70D4-3C94-4B7E-9744-A9A716FA827E}
		{128D8022-CE31-4316-963F-58B54BC4191C} = {832F70D4-3C94-4B7E-9744-A9A716FA827E}
		{1E3EA67F-62BB-4587-8B7A-BBBD193B0B7E} = {B794BF77-AFF6-40CC-A18B-64D053912FDB}
		{918A4BA1-3A9F-4759-8654-A752344E6A8E} = {B794BF77-AFF6-40CC-A18B-64D053912FDB}
		{D7B764BF-07CE-4782-AA8A-8DCBD36BE9F2} = {832F70D4-3C94-4B7E-9744-A9A716FA827E}
		{932C61E9-B2CB-43FA-ACB0-D1F6D491B3A9} = {832F70D4-3C94-4B7E-9744-A9A716FA827E}
		{396D4D03-3E6B-4E8D-AD9D-F10F6DF65FB1} = {832F70D4-3C94-4B7E-9744-A9A716FA827E}
		{1AD267AE-FB9C-4B9F-8B18-8397B558A631} = {832F70D4-3C94-4B7E-9744-A9A716FA827E}
		{9CE8C87E-8589-4A15-BFF9-530D3904788D} = {832F70D4-3C94-4B7E-9744-A9A716FA827E}
		{130FD298-5D8E-48AE-AEDB-F8BF62B78EBA} = {832F70D4-3C94-4B7E-9744-A9A716FA827E}
		{116F75D4-5677-4779-897C-E15D485F647B} = {832F70D4-3C94-4B7E-9744-A9A716FA827E}
		{DDDAEA82-4585-456A-85BA-9D59DD6EB178} = {832F70D4-3C94-4B7E-9744-A9A716FA827E}
		{7DD02BEC-9147-4E57-8F3E-EDF08426ADED} = {832F70D4-3C94-4B7E-9744-A9A716FA827E}
		{634A8980-BFEC-46C8-B657-481C3F15A657} = {832F70D4-3C94-4B7E-9744-A9A716FA827E}
		{E2A7F9E1-BC7C-45CC-A92F-CDEDDCEDD61F} = {832F70D4-3C94-4B7E-9744-A9A716FA827E}
		{B0F04C5C-94F2-4C25-BA85-9E1F6CED202E} = {832F70D4-3C94-4B7E-9744-A9A716FA827E}
		{3584966A-5232-4799-B386-A4B717BE672B} = {832F70D4-3C94-4B7E-9744-A9A716FA827E}
		{25F6E589-5AD9-4200-9EE5-BB287B6F346E} = {832F70D4-3C94-4B7E-9744-A9A716FA827E}
		{3781DA8C-C96F-4570-99E6-4B955819A107} = {832F70D4-3C94-4B7E-9744-A9A716FA827E}
		{7EED1949-9F77-4AFF-A643-E76E0ABC2DAD} = {BBD47D85-C515-447F-A6C8-8758DE62E15A}
		{10AFF369-84FB-429E-B251-F570EDB4DB4E} = {BBD47D85-C515-447F-A6C8-8758DE62E15A}
		{9FCDF053-02A2-423C-B117-90AA8D357AE7} = {56E43E91-77B7-41F8-9C3B-BC9362850203}
		{92355458-43BC-470F-8541-A2A293A08C91} = {56E43E91-77B7-41F8-9C3B-BC9362850203}
		{4B55CFEE-5D2C-487C-B2E3-B7BD87DA6652} = {813EB58E-FABF-4AB3-9C5D-25EE9C72AB41}
		{8C321FB3-3CEC-4DEF-AB1D-52D50A863BC9} = {832F70D4-3C94-4B7E-9744-A9A716FA827E}
		{9794CF0F-520B-4515-A3A5-CD8C0F0E74D9} = {832F70D4-3C94-4B7E-9744-A9A716FA827E}
		{9FE9A950-B6CD-4A16-BB89-BB3CADE00087} = {832F70D4-3C94-4B7E-9744-A9A716FA827E}
		{26CCC5C1-3B52-40F0-8643-E7321DD699FE} = {56E43E91-77B7-41F8-9C3B-BC9362850203}
		{60B6BBAE-3914-4357-89AF-98DE5E51AE25} = {56E43E91-77B7-41F8-9C3B-BC9362850203}
		{2F031B0C-36A1-4009-9C52-CA372D2785A5} = {56E43E91-77B7-41F8-9C3B-BC9362850203}
		{72E6CE7D-C214-475D-93B7-C4F8B49EB221} = {3E119623-0C90-4DD6-B594-D99C4956A156}
		{FF11086C-3CE6-4198-87F7-B1EA55631EBF} = {56E43E91-77B7-41F8-9C3B-BC9362850203}
		{6762B3EF-C1A7-47D2-BDEA-B96ABFC830E4} = {832F70D4-3C94-4B7E-9744-A9A716FA827E}
		{2DF8A3BC-A31F-4107-AEEC-D0B77402C458} = {832F70D4-3C94-4B7E-9744-A9A716FA827E}
		{4CCD1678-81A9-465D-85B5-C6336A661726} = {832F70D4-3C94-4B7E-9744-A9A716FA827E}
		{245E3EAB-412B-46F0-A2DA-6B3EDCC8D332} = {56E43E91-77B7-41F8-9C3B-BC9362850203}
		{9ECE56DF-AEF1-4AB7-B90D-AB7A2183FDBF} = {BBD47D85-C515-447F-A6C8-8758DE62E15A}
		{4A1BCB59-5D78-48A6-B3A8-7921850820D1} = {BBD47D85-C515-447F-A6C8-8758DE62E15A}
		{D91E6FC1-D616-450F-965A-759EE9F7A6BC} = {3E119623-0C90-4DD6-B594-D99C4956A156}
		{9DBAB345-85BA-4EE6-B159-772176CDDF13} = {B794BF77-AFF6-40CC-A18B-64D053912FDB}
		{F9E5AF14-FDF6-4775-8A62-B0E1920B21E4} = {BBD47D85-C515-447F-A6C8-8758DE62E15A}
		{63694466-72EF-44D6-9D65-248760E51EC5} = {56E43E91-77B7-41F8-9C3B-BC9362850203}
	EndGlobalSection
EndGlobal
