
Microsoft Visual Studio Solution File, Format Version 12.00
# Visual Studio 14
VisualStudioVersion = 14.0.25420.1
MinimumVisualStudioVersion = 10.0.40219.1
Project("{2150E333-8FDC-42A3-9474-1A3956D46DE8}") = ".build", ".build", "{E9B2FC38-1673-430B-B178-F23C354E078F}"
	ProjectSection(SolutionItems) = preProject
		.build\MSBuild.Community.Tasks.dll = .build\MSBuild.Community.Tasks.dll
		.build\MSBuild.Community.Tasks.targets = .build\MSBuild.Community.Tasks.targets
	EndProjectSection
EndProject
Project("{FAE04EC0-301F-11D3-BF4B-00C04F79EFBC}") = "Framework.Ioc", "Framework.Ioc\Framework.Ioc.csproj", "{D2B3E2D2-9496-4F51-9DB0-6EC0379DD3AD}"
EndProject
Project("{FAE04EC0-301F-11D3-BF4B-00C04F79EFBC}") = "Framework.Core", "Framework.Core\Framework.Core.csproj", "{128D8022-CE31-4316-963F-58B54BC4191C}"
EndProject
Project("{2150E333-8FDC-42A3-9474-1A3956D46DE8}") = "Framework", "Framework", "{832F70D4-3C94-4B7E-9744-A9A716FA827E}"
EndProject
Project("{2150E333-8FDC-42A3-9474-1A3956D46DE8}") = "Msbuild", "Msbuild", "{66A0562E-A6DE-457B-BB2A-B93BC4110535}"
	ProjectSection(SolutionItems) = preProject
		AssemblyInfo.Version.targets = AssemblyInfo.Version.targets
		CopyBuild.targets = CopyBuild.targets
		Framework.dgml = Framework.dgml
	EndProjectSection
EndProject
Project("{FAE04EC0-301F-11D3-BF4B-00C04F79EFBC}") = "Framework.Serialization", "Framework.Serialization\Framework.Serialization.csproj", "{D7B764BF-07CE-4782-AA8A-8DCBD36BE9F2}"
EndProject
Project("{FAE04EC0-301F-11D3-BF4B-00C04F79EFBC}") = "Framework.Reflection", "Framework.Reflection\Framework.Reflection.csproj", "{932C61E9-B2CB-43FA-ACB0-D1F6D491B3A9}"
EndProject
Project("{FAE04EC0-301F-11D3-BF4B-00C04F79EFBC}") = "Framework.Configuration", "Framework.Configuration\Framework.Configuration.csproj", "{396D4D03-3E6B-4E8D-AD9D-F10F6DF65FB1}"
EndProject
Project("{FAE04EC0-301F-11D3-BF4B-00C04F79EFBC}") = "Framework.Templates", "Framework.Templates\Framework.Templates.csproj", "{9CE8C87E-8589-4A15-BFF9-530D3904788D}"
EndProject
Project("{FAE04EC0-301F-11D3-BF4B-00C04F79EFBC}") = "Framework.Caching", "Framework.Caching\Framework.Caching.csproj", "{130FD298-5D8E-48AE-AEDB-F8BF62B78EBA}"
EndProject
Project("{FAE04EC0-301F-11D3-BF4B-00C04F79EFBC}") = "Framework.RestClient", "Framework.RestClient\Framework.RestClient.csproj", "{DDDAEA82-4585-456A-85BA-9D59DD6EB178}"
EndProject
Project("{FAE04EC0-301F-11D3-BF4B-00C04F79EFBC}") = "Framework.Drawing", "Framework.Drawing\Framework.Drawing.csproj", "{7DD02BEC-9147-4E57-8F3E-EDF08426ADED}"
EndProject
Project("{FAE04EC0-301F-11D3-BF4B-00C04F79EFBC}") = "Framework.Repository", "Framework.Repository\Framework.Repository.csproj", "{634A8980-BFEC-46C8-B657-481C3F15A657}"
EndProject
Project("{FAE04EC0-301F-11D3-BF4B-00C04F79EFBC}") = "Framework.FileSystem", "Framework.FileSystem\Framework.FileSystem.csproj", "{B0F04C5C-94F2-4C25-BA85-9E1F6CED202E}"
EndProject
Project("{FAE04EC0-301F-11D3-BF4B-00C04F79EFBC}") = "Framework.Knockout", "Framework.Knockout\Framework.Knockout.csproj", "{3584966A-5232-4799-B386-A4B717BE672B}"
EndProject
Project("{2150E333-8FDC-42A3-9474-1A3956D46DE8}") = "Framework.Extensions", "Framework.Extensions", "{56E43E91-77B7-41F8-9C3B-BC9362850203}"
EndProject
Project("{FAE04EC0-301F-11D3-BF4B-00C04F79EFBC}") = "Framework.Web.Mvc", "Framework.Web.Mvc\Framework.Web.Mvc.csproj", "{8C321FB3-3CEC-4DEF-AB1D-52D50A863BC9}"
EndProject
Project("{FAE04EC0-301F-11D3-BF4B-00C04F79EFBC}") = "Framework.Web.Api", "Framework.Web.Api\Framework.Web.Api.csproj", "{9794CF0F-520B-4515-A3A5-CD8C0F0E74D9}"
EndProject
Project("{FAE04EC0-301F-11D3-BF4B-00C04F79EFBC}") = "Framework.Models", "Framework.Models\Framework.Models.csproj", "{9FE9A950-B6CD-4A16-BB89-BB3CADE00087}"
EndProject
Project("{FAE04EC0-301F-11D3-BF4B-00C04F79EFBC}") = "Framework.Configuration.SqlProvider", "Framework.Configuration.SqlProvider\Framework.Configuration.SqlProvider.csproj", "{2F031B0C-36A1-4009-9C52-CA372D2785A5}"
EndProject
Project("{2150E333-8FDC-42A3-9474-1A3956D46DE8}") = ".build", ".build", "{1B1E62CC-F35E-429E-9CE7-97E5ED187C2A}"
	ProjectSection(SolutionItems) = preProject
		Build.proj = Build.proj
		.build\MSBuild.Community.Tasks.dll = .build\MSBuild.Community.Tasks.dll
		.build\MSBuild.Community.Tasks.targets = .build\MSBuild.Community.Tasks.targets
	EndProjectSection
EndProject
Project("{FAE04EC0-301F-11D3-BF4B-00C04F79EFBC}") = "Framework.IDMembership", "Framework.IDMembership\Framework.IDMembership.csproj", "{AF7525D1-1236-497A-90D3-F48FCBD8E2D1}"
EndProject
Project("{FAE04EC0-301F-11D3-BF4B-00C04F79EFBC}") = "Framework.IDMembership.SqlProvider", "Framework.IDMembership.SqlProvider\Framework.IDMembership.SqlProvider.csproj", "{B7579A27-9EFB-4362-932B-771ED666FCB9}"
EndProject
Global
	GlobalSection(SolutionConfigurationPlatforms) = preSolution
		Debug|Any CPU = Debug|Any CPU
		Release|Any CPU = Release|Any CPU
	EndGlobalSection
	GlobalSection(ProjectConfigurationPlatforms) = postSolution
		{D2B3E2D2-9496-4F51-9DB0-6EC0379DD3AD}.Debug|Any CPU.ActiveCfg = Debug|Any CPU
		{D2B3E2D2-9496-4F51-9DB0-6EC0379DD3AD}.Debug|Any CPU.Build.0 = Debug|Any CPU
		{D2B3E2D2-9496-4F51-9DB0-6EC0379DD3AD}.Release|Any CPU.ActiveCfg = Release|Any CPU
		{D2B3E2D2-9496-4F51-9DB0-6EC0379DD3AD}.Release|Any CPU.Build.0 = Release|Any CPU
		{128D8022-CE31-4316-963F-58B54BC4191C}.Debug|Any CPU.ActiveCfg = Debug|Any CPU
		{128D8022-CE31-4316-963F-58B54BC4191C}.Debug|Any CPU.Build.0 = Debug|Any CPU
		{128D8022-CE31-4316-963F-58B54BC4191C}.Release|Any CPU.ActiveCfg = Release|Any CPU
		{128D8022-CE31-4316-963F-58B54BC4191C}.Release|Any CPU.Build.0 = Release|Any CPU
		{D7B764BF-07CE-4782-AA8A-8DCBD36BE9F2}.Debug|Any CPU.ActiveCfg = Debug|Any CPU
		{D7B764BF-07CE-4782-AA8A-8DCBD36BE9F2}.Debug|Any CPU.Build.0 = Debug|Any CPU
		{D7B764BF-07CE-4782-AA8A-8DCBD36BE9F2}.Release|Any CPU.ActiveCfg = Release|Any CPU
		{D7B764BF-07CE-4782-AA8A-8DCBD36BE9F2}.Release|Any CPU.Build.0 = Release|Any CPU
		{932C61E9-B2CB-43FA-ACB0-D1F6D491B3A9}.Debug|Any CPU.ActiveCfg = Debug|Any CPU
		{932C61E9-B2CB-43FA-ACB0-D1F6D491B3A9}.Debug|Any CPU.Build.0 = Debug|Any CPU
		{932C61E9-B2CB-43FA-ACB0-D1F6D491B3A9}.Release|Any CPU.ActiveCfg = Release|Any CPU
		{932C61E9-B2CB-43FA-ACB0-D1F6D491B3A9}.Release|Any CPU.Build.0 = Release|Any CPU
		{396D4D03-3E6B-4E8D-AD9D-F10F6DF65FB1}.Debug|Any CPU.ActiveCfg = Debug|Any CPU
		{396D4D03-3E6B-4E8D-AD9D-F10F6DF65FB1}.Debug|Any CPU.Build.0 = Debug|Any CPU
		{396D4D03-3E6B-4E8D-AD9D-F10F6DF65FB1}.Release|Any CPU.ActiveCfg = Release|Any CPU
		{396D4D03-3E6B-4E8D-AD9D-F10F6DF65FB1}.Release|Any CPU.Build.0 = Release|Any CPU
		{9CE8C87E-8589-4A15-BFF9-530D3904788D}.Debug|Any CPU.ActiveCfg = Debug|Any CPU
		{9CE8C87E-8589-4A15-BFF9-530D3904788D}.Debug|Any CPU.Build.0 = Debug|Any CPU
		{9CE8C87E-8589-4A15-BFF9-530D3904788D}.Release|Any CPU.ActiveCfg = Release|Any CPU
		{9CE8C87E-8589-4A15-BFF9-530D3904788D}.Release|Any CPU.Build.0 = Release|Any CPU
		{130FD298-5D8E-48AE-AEDB-F8BF62B78EBA}.Debug|Any CPU.ActiveCfg = Debug|Any CPU
		{130FD298-5D8E-48AE-AEDB-F8BF62B78EBA}.Debug|Any CPU.Build.0 = Debug|Any CPU
		{130FD298-5D8E-48AE-AEDB-F8BF62B78EBA}.Release|Any CPU.ActiveCfg = Release|Any CPU
		{130FD298-5D8E-48AE-AEDB-F8BF62B78EBA}.Release|Any CPU.Build.0 = Release|Any CPU
		{DDDAEA82-4585-456A-85BA-9D59DD6EB178}.Debug|Any CPU.ActiveCfg = Debug|Any CPU
		{DDDAEA82-4585-456A-85BA-9D59DD6EB178}.Debug|Any CPU.Build.0 = Debug|Any CPU
		{DDDAEA82-4585-456A-85BA-9D59DD6EB178}.Release|Any CPU.ActiveCfg = Release|Any CPU
		{DDDAEA82-4585-456A-85BA-9D59DD6EB178}.Release|Any CPU.Build.0 = Release|Any CPU
		{7DD02BEC-9147-4E57-8F3E-EDF08426ADED}.Debug|Any CPU.ActiveCfg = Debug|Any CPU
		{7DD02BEC-9147-4E57-8F3E-EDF08426ADED}.Debug|Any CPU.Build.0 = Debug|Any CPU
		{7DD02BEC-9147-4E57-8F3E-EDF08426ADED}.Release|Any CPU.ActiveCfg = Release|Any CPU
		{7DD02BEC-9147-4E57-8F3E-EDF08426ADED}.Release|Any CPU.Build.0 = Release|Any CPU
		{634A8980-BFEC-46C8-B657-481C3F15A657}.Debug|Any CPU.ActiveCfg = Debug|Any CPU
		{634A8980-BFEC-46C8-B657-481C3F15A657}.Debug|Any CPU.Build.0 = Debug|Any CPU
		{634A8980-BFEC-46C8-B657-481C3F15A657}.Release|Any CPU.ActiveCfg = Release|Any CPU
		{634A8980-BFEC-46C8-B657-481C3F15A657}.Release|Any CPU.Build.0 = Release|Any CPU
		{B0F04C5C-94F2-4C25-BA85-9E1F6CED202E}.Debug|Any CPU.ActiveCfg = Debug|Any CPU
		{B0F04C5C-94F2-4C25-BA85-9E1F6CED202E}.Debug|Any CPU.Build.0 = Debug|Any CPU
		{B0F04C5C-94F2-4C25-BA85-9E1F6CED202E}.Release|Any CPU.ActiveCfg = Release|Any CPU
		{B0F04C5C-94F2-4C25-BA85-9E1F6CED202E}.Release|Any CPU.Build.0 = Release|Any CPU
		{3584966A-5232-4799-B386-A4B717BE672B}.Debug|Any CPU.ActiveCfg = Debug|Any CPU
		{3584966A-5232-4799-B386-A4B717BE672B}.Debug|Any CPU.Build.0 = Debug|Any CPU
		{3584966A-5232-4799-B386-A4B717BE672B}.Release|Any CPU.ActiveCfg = Release|Any CPU
		{3584966A-5232-4799-B386-A4B717BE672B}.Release|Any CPU.Build.0 = Release|Any CPU
		{8C321FB3-3CEC-4DEF-AB1D-52D50A863BC9}.Debug|Any CPU.ActiveCfg = Debug|Any CPU
		{8C321FB3-3CEC-4DEF-AB1D-52D50A863BC9}.Debug|Any CPU.Build.0 = Debug|Any CPU
		{8C321FB3-3CEC-4DEF-AB1D-52D50A863BC9}.Release|Any CPU.ActiveCfg = Release|Any CPU
		{8C321FB3-3CEC-4DEF-AB1D-52D50A863BC9}.Release|Any CPU.Build.0 = Release|Any CPU
		{9794CF0F-520B-4515-A3A5-CD8C0F0E74D9}.Debug|Any CPU.ActiveCfg = Debug|Any CPU
		{9794CF0F-520B-4515-A3A5-CD8C0F0E74D9}.Debug|Any CPU.Build.0 = Debug|Any CPU
		{9794CF0F-520B-4515-A3A5-CD8C0F0E74D9}.Release|Any CPU.ActiveCfg = Release|Any CPU
		{9794CF0F-520B-4515-A3A5-CD8C0F0E74D9}.Release|Any CPU.Build.0 = Release|Any CPU
		{9FE9A950-B6CD-4A16-BB89-BB3CADE00087}.Debug|Any CPU.ActiveCfg = Debug|Any CPU
		{9FE9A950-B6CD-4A16-BB89-BB3CADE00087}.Debug|Any CPU.Build.0 = Debug|Any CPU
		{9FE9A950-B6CD-4A16-BB89-BB3CADE00087}.Release|Any CPU.ActiveCfg = Release|Any CPU
		{9FE9A950-B6CD-4A16-BB89-BB3CADE00087}.Release|Any CPU.Build.0 = Release|Any CPU
		{2F031B0C-36A1-4009-9C52-CA372D2785A5}.Debug|Any CPU.ActiveCfg = Debug|Any CPU
		{2F031B0C-36A1-4009-9C52-CA372D2785A5}.Debug|Any CPU.Build.0 = Debug|Any CPU
		{2F031B0C-36A1-4009-9C52-CA372D2785A5}.Release|Any CPU.ActiveCfg = Release|Any CPU
		{2F031B0C-36A1-4009-9C52-CA372D2785A5}.Release|Any CPU.Build.0 = Release|Any CPU
		{AF7525D1-1236-497A-90D3-F48FCBD8E2D1}.Debug|Any CPU.ActiveCfg = Debug|Any CPU
		{AF7525D1-1236-497A-90D3-F48FCBD8E2D1}.Debug|Any CPU.Build.0 = Debug|Any CPU
		{AF7525D1-1236-497A-90D3-F48FCBD8E2D1}.Release|Any CPU.ActiveCfg = Release|Any CPU
		{AF7525D1-1236-497A-90D3-F48FCBD8E2D1}.Release|Any CPU.Build.0 = Release|Any CPU
		{B7579A27-9EFB-4362-932B-771ED666FCB9}.Debug|Any CPU.ActiveCfg = Debug|Any CPU
		{B7579A27-9EFB-4362-932B-771ED666FCB9}.Debug|Any CPU.Build.0 = Debug|Any CPU
		{B7579A27-9EFB-4362-932B-771ED666FCB9}.Release|Any CPU.ActiveCfg = Release|Any CPU
		{B7579A27-9EFB-4362-932B-771ED666FCB9}.Release|Any CPU.Build.0 = Release|Any CPU
	EndGlobalSection
	GlobalSection(SolutionProperties) = preSolution
		HideSolutionNode = FALSE
	EndGlobalSection
	GlobalSection(NestedProjects) = preSolution
		{E9B2FC38-1673-430B-B178-F23C354E078F} = {66A0562E-A6DE-457B-BB2A-B93BC4110535}
		{D2B3E2D2-9496-4F51-9DB0-6EC0379DD3AD} = {832F70D4-3C94-4B7E-9744-A9A716FA827E}
		{128D8022-CE31-4316-963F-58B54BC4191C} = {832F70D4-3C94-4B7E-9744-A9A716FA827E}
		{D7B764BF-07CE-4782-AA8A-8DCBD36BE9F2} = {832F70D4-3C94-4B7E-9744-A9A716FA827E}
		{932C61E9-B2CB-43FA-ACB0-D1F6D491B3A9} = {832F70D4-3C94-4B7E-9744-A9A716FA827E}
		{396D4D03-3E6B-4E8D-AD9D-F10F6DF65FB1} = {832F70D4-3C94-4B7E-9744-A9A716FA827E}
		{9CE8C87E-8589-4A15-BFF9-530D3904788D} = {832F70D4-3C94-4B7E-9744-A9A716FA827E}
		{130FD298-5D8E-48AE-AEDB-F8BF62B78EBA} = {832F70D4-3C94-4B7E-9744-A9A716FA827E}
		{DDDAEA82-4585-456A-85BA-9D59DD6EB178} = {832F70D4-3C94-4B7E-9744-A9A716FA827E}
		{7DD02BEC-9147-4E57-8F3E-EDF08426ADED} = {832F70D4-3C94-4B7E-9744-A9A716FA827E}
		{634A8980-BFEC-46C8-B657-481C3F15A657} = {832F70D4-3C94-4B7E-9744-A9A716FA827E}
		{B0F04C5C-94F2-4C25-BA85-9E1F6CED202E} = {832F70D4-3C94-4B7E-9744-A9A716FA827E}
		{3584966A-5232-4799-B386-A4B717BE672B} = {832F70D4-3C94-4B7E-9744-A9A716FA827E}
		{8C321FB3-3CEC-4DEF-AB1D-52D50A863BC9} = {832F70D4-3C94-4B7E-9744-A9A716FA827E}
		{9794CF0F-520B-4515-A3A5-CD8C0F0E74D9} = {832F70D4-3C94-4B7E-9744-A9A716FA827E}
		{9FE9A950-B6CD-4A16-BB89-BB3CADE00087} = {832F70D4-3C94-4B7E-9744-A9A716FA827E}
		{2F031B0C-36A1-4009-9C52-CA372D2785A5} = {56E43E91-77B7-41F8-9C3B-BC9362850203}
		{AF7525D1-1236-497A-90D3-F48FCBD8E2D1} = {832F70D4-3C94-4B7E-9744-A9A716FA827E}
		{B7579A27-9EFB-4362-932B-771ED666FCB9} = {56E43E91-77B7-41F8-9C3B-BC9362850203}
	EndGlobalSection
EndGlobal
